// !$*UTF8*$!
{
	archiveVersion = 1;
	classes = {
	};
	objectVersion = 77;
	objects = {

/* Begin PBXBuildFile section */
		0F6B7C3471D7C35FD7EA8622 /* TripData.swift in Sources */ = {isa = PBXBuildFile; fileRef = BD7E22A737065E6CBCC12955 /* TripData.swift */; };
		35E1B36DF398CEDA03DACCD8 /* ExpenseTrackerView.swift in Sources */ = {isa = PBXBuildFile; fileRef = 290B839685794EEFDFD218D1 /* ExpenseTrackerView.swift */; };
		4653E5C1223E381EE2FAEB05 /* ContentView.swift in Sources */ = {isa = PBXBuildFile; fileRef = 2216F304310979F2185A133C /* ContentView.swift */; };
		819700C32CFC15E032FCAAA7 /* MapView.swift in Sources */ = {isa = PBXBuildFile; fileRef = 77C898BC23F6AD2B95F01796 /* MapView.swift */; };
		885FD4DD0E151BB4FEAD02D7 /* TravelerApp.swift in Sources */ = {isa = PBXBuildFile; fileRef = 8927F11A4ECE85ECDC90D0B3 /* TravelerApp.swift */; };
		A9B33DB94EFDFFA0D0F4AE51 /* ProfileSettingsView.swift in Sources */ = {isa = PBXBuildFile; fileRef = 9A923AD617FEBCA6E50EC0B3 /* ProfileSettingsView.swift */; };
		B7CC4416239E4E49BAC2DBA1 /* TimelineView.swift in Sources */ = {isa = PBXBuildFile; fileRef = 0B4260C444A9CC4F1E552A05 /* TimelineView.swift */; };
		D71ADD4322A3299F0A4C6A8A /* TripStore.swift in Sources */ = {isa = PBXBuildFile; fileRef = 341616440C10F2EE8CF8EA5B /* TripStore.swift */; };
		ED741174A240BACC81E2605D /* PDFKitView.swift in Sources */ = {isa = PBXBuildFile; fileRef = F772DDB81CE96B94985DFA1A /* PDFKitView.swift */; };
/* End PBXBuildFile section */

/* Begin PBXFileReference section */
		0B4260C444A9CC4F1E552A05 /* TimelineView.swift */ = {isa = PBXFileReference; lastKnownFileType = sourcecode.swift; path = TimelineView.swift; sourceTree = "<group>"; };
		2216F304310979F2185A133C /* ContentView.swift */ = {isa = PBXFileReference; lastKnownFileType = sourcecode.swift; path = ContentView.swift; sourceTree = "<group>"; };
		290B839685794EEFDFD218D1 /* ExpenseTrackerView.swift */ = {isa = PBXFileReference; lastKnownFileType = sourcecode.swift; path = ExpenseTrackerView.swift; sourceTree = "<group>"; };
		341616440C10F2EE8CF8EA5B /* TripStore.swift */ = {isa = PBXFileReference; lastKnownFileType = sourcecode.swift; path = TripStore.swift; sourceTree = "<group>"; };
		77C898BC23F6AD2B95F01796 /* MapView.swift */ = {isa = PBXFileReference; lastKnownFileType = sourcecode.swift; path = MapView.swift; sourceTree = "<group>"; };
		8927F11A4ECE85ECDC90D0B3 /* TravelerApp.swift */ = {isa = PBXFileReference; lastKnownFileType = sourcecode.swift; path = TravelerApp.swift; sourceTree = "<group>"; };
		9A923AD617FEBCA6E50EC0B3 /* ProfileSettingsView.swift */ = {isa = PBXFileReference; lastKnownFileType = sourcecode.swift; path = ProfileSettingsView.swift; sourceTree = "<group>"; };
		A29BF4C81E0752A4E7F5E11A /* Traveler.app */ = {isa = PBXFileReference; includeInIndex = 0; lastKnownFileType = wrapper.application; path = Traveler.app; sourceTree = BUILT_PRODUCTS_DIR; };
		BD7E22A737065E6CBCC12955 /* TripData.swift */ = {isa = PBXFileReference; lastKnownFileType = sourcecode.swift; path = TripData.swift; sourceTree = "<group>"; };
		F772DDB81CE96B94985DFA1A /* PDFKitView.swift */ = {isa = PBXFileReference; lastKnownFileType = sourcecode.swift; path = PDFKitView.swift; sourceTree = "<group>"; };
/* End PBXFileReference section */

/* Begin PBXGroup section */
		3D2C49F0F4A8D58136F17D9C /* Products */ = {
			isa = PBXGroup;
			children = (
				A29BF4C81E0752A4E7F5E11A /* Traveler.app */,
			);
			name = Products;
			sourceTree = "<group>";
		};
		965464D7C8DCB010202C64C5 = {
			isa = PBXGroup;
			children = (
				BDE3BA5F80D12E1F0DE86F7B /* app */,
				3D2C49F0F4A8D58136F17D9C /* Products */,
			);
			sourceTree = "<group>";
		};
		BDE3BA5F80D12E1F0DE86F7B /* app */ = {
			isa = PBXGroup;
			children = (
				2216F304310979F2185A133C /* ContentView.swift */,
				290B839685794EEFDFD218D1 /* ExpenseTrackerView.swift */,
				77C898BC23F6AD2B95F01796 /* MapView.swift */,
				F772DDB81CE96B94985DFA1A /* PDFKitView.swift */,
				9A923AD617FEBCA6E50EC0B3 /* ProfileSettingsView.swift */,
				0B4260C444A9CC4F1E552A05 /* TimelineView.swift */,
				8927F11A4ECE85ECDC90D0B3 /* TravelerApp.swift */,
				BD7E22A737065E6CBCC12955 /* TripData.swift */,
				341616440C10F2EE8CF8EA5B /* TripStore.swift */,
			);
			name = app;
			path = .;
			sourceTree = "<group>";
		};
/* End PBXGroup section */

/* Begin PBXNativeTarget section */
		680DBE5119905DAFDC21F755 /* Traveler */ = {
			isa = PBXNativeTarget;
			buildConfigurationList = BD488F616E0D3C32AFCAB2F6 /* Build configuration list for PBXNativeTarget "Traveler" */;
			buildPhases = (
				69418C2965FFA93E77473EF8 /* Sources */,
			);
			buildRules = (
			);
			dependencies = (
			);
			name = Traveler;
			packageProductDependencies = (
			);
			productName = Traveler;
			productReference = A29BF4C81E0752A4E7F5E11A /* Traveler.app */;
			productType = "com.apple.product-type.application";
		};
/* End PBXNativeTarget section */

/* Begin PBXProject section */
		F05D6DA0EF0229DBD76D1A01 /* Project object */ = {
			isa = PBXProject;
			attributes = {
				BuildIndependentTargetsInParallel = YES;
				LastUpgradeCheck = 1430;
			};
			buildConfigurationList = 238DE03797723743ABEC33DE /* Build configuration list for PBXProject "Traveler" */;
			compatibilityVersion = "Xcode 14.0";
			developmentRegion = en;
			hasScannedForEncodings = 0;
			knownRegions = (
				Base,
				en,
			);
			mainGroup = 965464D7C8DCB010202C64C5;
			minimizedProjectReferenceProxies = 1;
			preferredProjectObjectVersion = 77;
			projectDirPath = "";
			projectRoot = "";
			targets = (
				680DBE5119905DAFDC21F755 /* Traveler */,
			);
		};
/* End PBXProject section */

/* Begin PBXSourcesBuildPhase section */
		69418C2965FFA93E77473EF8 /* Sources */ = {
			isa = PBXSourcesBuildPhase;
			buildActionMask = 2147483647;
			files = (
				4653E5C1223E381EE2FAEB05 /* ContentView.swift in Sources */,
				35E1B36DF398CEDA03DACCD8 /* ExpenseTrackerView.swift in Sources */,
				819700C32CFC15E032FCAAA7 /* MapView.swift in Sources */,
				ED741174A240BACC81E2605D /* PDFKitView.swift in Sources */,
				A9B33DB94EFDFFA0D0F4AE51 /* ProfileSettingsView.swift in Sources */,
				B7CC4416239E4E49BAC2DBA1 /* TimelineView.swift in Sources */,
				885FD4DD0E151BB4FEAD02D7 /* TravelerApp.swift in Sources */,
				0F6B7C3471D7C35FD7EA8622 /* TripData.swift in Sources */,
				D71ADD4322A3299F0A4C6A8A /* TripStore.swift in Sources */,
			);
			runOnlyForDeploymentPostprocessing = 0;
		};
/* End PBXSourcesBuildPhase section */

/* Begin XCBuildConfiguration section */
		769F52B48C4361A91E077A4C /* Release */ = {
			isa = XCBuildConfiguration;
			buildSettings = {
				ASSETCATALOG_COMPILER_APPICON_NAME = AppIcon;
				CODE_SIGN_IDENTITY = "iPhone Developer";
				CURRENT_PROJECT_VERSION = 1;
				GENERATE_INFOPLIST_FILE = YES;
				IPHONEOS_DEPLOYMENT_TARGET = 17.0;
				LD_RUNPATH_SEARCH_PATHS = (
					"$(inherited)",
					"@executable_path/Frameworks",
				);
				MARKETING_VERSION = 1.0;
				PRODUCT_BUNDLE_IDENTIFIER = com.gauthierbaron.Traveler;
				SDKROOT = iphoneos;
				SWIFT_VERSION = 5.9;
				TARGETED_DEVICE_FAMILY = "1,2";
			};
			name = Release;
		};
		7EDEF8698BCE5DFBE98B0573 /* Debug */ = {
			isa = XCBuildConfiguration;
			buildSettings = {
				ASSETCATALOG_COMPILER_APPICON_NAME = AppIcon;
				CODE_SIGN_IDENTITY = "iPhone Developer";
				CURRENT_PROJECT_VERSION = 1;
				GENERATE_INFOPLIST_FILE = YES;
				IPHONEOS_DEPLOYMENT_TARGET = 17.0;
				LD_RUNPATH_SEARCH_PATHS = (
					"$(inherited)",
					"@executable_path/Frameworks",
				);
				MARKETING_VERSION = 1.0;
				PRODUCT_BUNDLE_IDENTIFIER = com.gauthierbaron.Traveler;
				SDKROOT = iphoneos;
				SWIFT_VERSION = 5.9;
				TARGETED_DEVICE_FAMILY = "1,2";
			};
			name = Debug;
		};
		92B9DF62E9B99C694AA97048 /* Debug */ = {
			isa = XCBuildConfiguration;
			buildSettings = {
				ALWAYS_SEARCH_USER_PATHS = NO;
				CLANG_ANALYZER_NONNULL = YES;
				CLANG_ANALYZER_NUMBER_OBJECT_CONVERSION = YES_AGGRESSIVE;
				CLANG_CXX_LANGUAGE_STANDARD = "gnu++14";
				CLANG_CXX_LIBRARY = "libc++";
				CLANG_ENABLE_MODULES = YES;
				CLANG_ENABLE_OBJC_ARC = YES;
				CLANG_ENABLE_OBJC_WEAK = YES;
				CLANG_WARN_BLOCK_CAPTURE_AUTORELEASING = YES;
				CLANG_WARN_BOOL_CONVERSION = YES;
				CLANG_WARN_COMMA = YES;
				CLANG_WARN_CONSTANT_CONVERSION = YES;
				CLANG_WARN_DEPRECATED_OBJC_IMPLEMENTATIONS = YES;
				CLANG_WARN_DIRECT_OBJC_ISA_USAGE = YES_ERROR;
				CLANG_WARN_DOCUMENTATION_COMMENTS = YES;
				CLANG_WARN_EMPTY_BODY = YES;
				CLANG_WARN_ENUM_CONVERSION = YES;
				CLANG_WARN_INFINITE_RECURSION = YES;
				CLANG_WARN_INT_CONVERSION = YES;
				CLANG_WARN_NON_LITERAL_NULL_CONVERSION = YES;
				CLANG_WARN_OBJC_IMPLICIT_RETAIN_SELF = YES;
				CLANG_WARN_OBJC_LITERAL_CONVERSION = YES;
				CLANG_WARN_OBJC_ROOT_CLASS = YES_ERROR;
				CLANG_WARN_QUOTED_INCLUDE_IN_FRAMEWORK_HEADER = YES;
				CLANG_WARN_RANGE_LOOP_ANALYSIS = YES;
				CLANG_WARN_STRICT_PROTOTYPES = YES;
				CLANG_WARN_SUSPICIOUS_MOVE = YES;
				CLANG_WARN_UNGUARDED_AVAILABILITY = YES_AGGRESSIVE;
				CLANG_WARN_UNREACHABLE_CODE = YES;
				CLANG_WARN__DUPLICATE_METHOD_MATCH = YES;
				COPY_PHASE_STRIP = NO;
				DEBUG_INFORMATION_FORMAT = dwarf;
				ENABLE_STRICT_OBJC_MSGSEND = YES;
				ENABLE_TESTABILITY = YES;
				GCC_C_LANGUAGE_STANDARD = gnu11;
				GCC_DYNAMIC_NO_PIC = NO;
				GCC_NO_COMMON_BLOCKS = YES;
				GCC_OPTIMIZATION_LEVEL = 0;
				GCC_PREPROCESSOR_DEFINITIONS = (
					"$(inherited)",
					"DEBUG=1",
				);
				GCC_WARN_64_TO_32_BIT_CONVERSION = YES;
				GCC_WARN_ABOUT_RETURN_TYPE = YES_ERROR;
				GCC_WARN_UNDECLARED_SELECTOR = YES;
				GCC_WARN_UNINITIALIZED_AUTOS = YES_AGGRESSIVE;
				GCC_WARN_UNUSED_FUNCTION = YES;
				GCC_WARN_UNUSED_VARIABLE = YES;
				MTL_ENABLE_DEBUG_INFO = INCLUDE_SOURCE;
				MTL_FAST_MATH = YES;
				ONLY_ACTIVE_ARCH = YES;
				PRODUCT_NAME = "$(TARGET_NAME)";
				SDKROOT = iphoneos;
				SWIFT_ACTIVE_COMPILATION_CONDITIONS = DEBUG;
				SWIFT_OPTIMIZATION_LEVEL = "-Onone";
				SWIFT_VERSION = 5.0;
			};
			name = Debug;
		};
		E844D287B6B4CFCD9B3EDF5F /* Release */ = {
			isa = XCBuildConfiguration;
			buildSettings = {
				ALWAYS_SEARCH_USER_PATHS = NO;
				CLANG_ANALYZER_NONNULL = YES;
				CLANG_ANALYZER_NUMBER_OBJECT_CONVERSION = YES_AGGRESSIVE;
				CLANG_CXX_LANGUAGE_STANDARD = "gnu++14";
				CLANG_CXX_LIBRARY = "libc++";
				CLANG_ENABLE_MODULES = YES;
				CLANG_ENABLE_OBJC_ARC = YES;
				CLANG_ENABLE_OBJC_WEAK = YES;
				CLANG_WARN_BLOCK_CAPTURE_AUTORELEASING = YES;
				CLANG_WARN_BOOL_CONVERSION = YES;
				CLANG_WARN_COMMA = YES;
				CLANG_WARN_CONSTANT_CONVERSION = YES;
				CLANG_WARN_DEPRECATED_OBJC_IMPLEMENTATIONS = YES;
				CLANG_WARN_DIRECT_OBJC_ISA_USAGE = YES_ERROR;
				CLANG_WARN_DOCUMENTATION_COMMENTS = YES;
				CLANG_WARN_EMPTY_BODY = YES;
				CLANG_WARN_ENUM_CONVERSION = YES;
				CLANG_WARN_INFINITE_RECURSION = YES;
				CLANG_WARN_INT_CONVERSION = YES;
				CLANG_WARN_NON_LITERAL_NULL_CONVERSION = YES;
				CLANG_WARN_OBJC_IMPLICIT_RETAIN_SELF = YES;
				CLANG_WARN_OBJC_LITERAL_CONVERSION = YES;
				CLANG_WARN_OBJC_ROOT_CLASS = YES_ERROR;
				CLANG_WARN_QUOTED_INCLUDE_IN_FRAMEWORK_HEADER = YES;
				CLANG_WARN_RANGE_LOOP_ANALYSIS = YES;
				CLANG_WARN_STRICT_PROTOTYPES = YES;
				CLANG_WARN_SUSPICIOUS_MOVE = YES;
				CLANG_WARN_UNGUARDED_AVAILABILITY = YES_AGGRESSIVE;
				CLANG_WARN_UNREACHABLE_CODE = YES;
				CLANG_WARN__DUPLICATE_METHOD_MATCH = YES;
				COPY_PHASE_STRIP = NO;
				DEBUG_INFORMATION_FORMAT = "dwarf-with-dsym";
				ENABLE_NS_ASSERTIONS = NO;
				ENABLE_STRICT_OBJC_MSGSEND = YES;
				GCC_C_LANGUAGE_STANDARD = gnu11;
				GCC_NO_COMMON_BLOCKS = YES;
				GCC_WARN_64_TO_32_BIT_CONVERSION = YES;
				GCC_WARN_ABOUT_RETURN_TYPE = YES_ERROR;
				GCC_WARN_UNDECLARED_SELECTOR = YES;
				GCC_WARN_UNINITIALIZED_AUTOS = YES_AGGRESSIVE;
				GCC_WARN_UNUSED_FUNCTION = YES;
				GCC_WARN_UNUSED_VARIABLE = YES;
				MTL_ENABLE_DEBUG_INFO = NO;
				MTL_FAST_MATH = YES;
				PRODUCT_NAME = "$(TARGET_NAME)";
				SDKROOT = iphoneos;
				SWIFT_COMPILATION_MODE = wholemodule;
				SWIFT_OPTIMIZATION_LEVEL = "-O";
				SWIFT_VERSION = 5.0;
			};
			name = Release;
		};
/* End XCBuildConfiguration section */

/* Begin XCConfigurationList section */
		238DE03797723743ABEC33DE /* Build configuration list for PBXProject "Traveler" */ = {
			isa = XCConfigurationList;
			buildConfigurations = (
				92B9DF62E9B99C694AA97048 /* Debug */,
				E844D287B6B4CFCD9B3EDF5F /* Release */,
			);
			defaultConfigurationIsVisible = 0;
			defaultConfigurationName = Debug;
		};
		BD488F616E0D3C32AFCAB2F6 /* Build configuration list for PBXNativeTarget "Traveler" */ = {
			isa = XCConfigurationList;
			buildConfigurations = (
				7EDEF8698BCE5DFBE98B0573 /* Debug */,
				769F52B48C4361A91E077A4C /* Release */,
			);
			defaultConfigurationIsVisible = 0;
			defaultConfigurationName = Debug;
		};
/* End XCConfigurationList section */
	};
	rootObject = F05D6DA0EF0229DBD76D1A01 /* Project object */;
}
